// !$*UTF8*$!
{
	archiveVersion = 1;
	classes = {
	};
	objectVersion = 55;
	objects = {

/* Begin PBXBuildFile section */
		1DBAA00A27FF1E5C00E27F90 /* main.cpp in Sources */ = {isa = PBXBuildFile; fileRef = 1DBAA00927FF1E5C00E27F90 /* main.cpp */; };
		1DBAA01727FF1F4200E27F90 /* Terminal.cpp in Sources */ = {isa = PBXBuildFile; fileRef = 1DBAA01527FF1F4200E27F90 /* Terminal.cpp */; };
		1DBAA01A27FF1F5200E27F90 /* Cursor.cpp in Sources */ = {isa = PBXBuildFile; fileRef = 1DBAA01827FF1F5200E27F90 /* Cursor.cpp */; };
		1DBAA01D27FF1F5A00E27F90 /* Text.cpp in Sources */ = {isa = PBXBuildFile; fileRef = 1DBAA01B27FF1F5A00E27F90 /* Text.cpp */; };
		1DBAA01F27FF205D00E27F90 /* Makefile in Sources */ = {isa = PBXBuildFile; fileRef = 1DBAA01E27FF205D00E27F90 /* Makefile */; };
		1DDB3B7B2800E40E0098129D /* TerminalTests.cpp in Sources */ = {isa = PBXBuildFile; fileRef = 1DDB3B792800E40E0098129D /* TerminalTests.cpp */; };
		1DDB3B7D2800E4350098129D /* CursorTests.cpp in Sources */ = {isa = PBXBuildFile; fileRef = 1DDB3B7C2800E4350098129D /* CursorTests.cpp */; };
		1DDB3B7F2800E4410098129D /* TextTests.cpp in Sources */ = {isa = PBXBuildFile; fileRef = 1DDB3B7E2800E4410098129D /* TextTests.cpp */; };
/* End PBXBuildFile section */

/* Begin PBXCopyFilesBuildPhase section */
		1DBAA00427FF1E5C00E27F90 /* CopyFiles */ = {
			isa = PBXCopyFilesBuildPhase;
			buildActionMask = 2147483647;
			dstPath = /usr/share/man/man1/;
			dstSubfolderSpec = 0;
			files = (
			);
			runOnlyForDeploymentPostprocessing = 1;
		};
/* End PBXCopyFilesBuildPhase section */

/* Begin PBXFileReference section */
		1DBAA00627FF1E5C00E27F90 /* libANSI */ = {isa = PBXFileReference; explicitFileType = "compiled.mach-o.executable"; includeInIndex = 0; path = libANSI; sourceTree = BUILT_PRODUCTS_DIR; };
		1DBAA00927FF1E5C00E27F90 /* main.cpp */ = {isa = PBXFileReference; lastKnownFileType = sourcecode.cpp.cpp; path = main.cpp; sourceTree = "<group>"; };
		1DBAA01027FF1ED000E27F90 /* libANSI.hpp */ = {isa = PBXFileReference; lastKnownFileType = sourcecode.cpp.h; path = libANSI.hpp; sourceTree = "<group>"; };
		1DBAA01327FF1F2A00E27F90 /* Color.hpp */ = {isa = PBXFileReference; lastKnownFileType = sourcecode.cpp.h; path = Color.hpp; sourceTree = "<group>"; };
		1DBAA01527FF1F4200E27F90 /* Terminal.cpp */ = {isa = PBXFileReference; lastKnownFileType = sourcecode.cpp.cpp; path = Terminal.cpp; sourceTree = "<group>"; };
		1DBAA01627FF1F4200E27F90 /* Terminal.hpp */ = {isa = PBXFileReference; lastKnownFileType = sourcecode.cpp.h; path = Terminal.hpp; sourceTree = "<group>"; };
		1DBAA01827FF1F5200E27F90 /* Cursor.cpp */ = {isa = PBXFileReference; lastKnownFileType = sourcecode.cpp.cpp; path = Cursor.cpp; sourceTree = "<group>"; };
		1DBAA01927FF1F5200E27F90 /* Cursor.hpp */ = {isa = PBXFileReference; lastKnownFileType = sourcecode.cpp.h; path = Cursor.hpp; sourceTree = "<group>"; };
		1DBAA01B27FF1F5A00E27F90 /* Text.cpp */ = {isa = PBXFileReference; lastKnownFileType = sourcecode.cpp.cpp; path = Text.cpp; sourceTree = "<group>"; };
		1DBAA01C27FF1F5A00E27F90 /* Text.hpp */ = {isa = PBXFileReference; lastKnownFileType = sourcecode.cpp.h; path = Text.hpp; sourceTree = "<group>"; };
		1DBAA01E27FF205D00E27F90 /* Makefile */ = {isa = PBXFileReference; fileEncoding = 4; lastKnownFileType = sourcecode.make; path = Makefile; sourceTree = "<group>"; };
		1DDB3B792800E40E0098129D /* TerminalTests.cpp */ = {isa = PBXFileReference; lastKnownFileType = sourcecode.cpp.cpp; path = TerminalTests.cpp; sourceTree = "<group>"; };
		1DDB3B7C2800E4350098129D /* CursorTests.cpp */ = {isa = PBXFileReference; lastKnownFileType = sourcecode.cpp.cpp; path = CursorTests.cpp; sourceTree = "<group>"; };
		1DDB3B7E2800E4410098129D /* TextTests.cpp */ = {isa = PBXFileReference; lastKnownFileType = sourcecode.cpp.cpp; path = TextTests.cpp; sourceTree = "<group>"; };
		1DDB3B802800E61A0098129D /* TerminalTests.hpp */ = {isa = PBXFileReference; lastKnownFileType = sourcecode.cpp.h; path = TerminalTests.hpp; sourceTree = "<group>"; };
		1DDB3B812800E66B0098129D /* CursorTests.hpp */ = {isa = PBXFileReference; lastKnownFileType = sourcecode.cpp.h; path = CursorTests.hpp; sourceTree = "<group>"; };
		1DDB3B822800E6770098129D /* TextTests.hpp */ = {isa = PBXFileReference; lastKnownFileType = sourcecode.cpp.h; path = TextTests.hpp; sourceTree = "<group>"; };
/* End PBXFileReference section */

/* Begin PBXFrameworksBuildPhase section */
		1DBAA00327FF1E5C00E27F90 /* Frameworks */ = {
			isa = PBXFrameworksBuildPhase;
			buildActionMask = 2147483647;
			files = (
			);
			runOnlyForDeploymentPostprocessing = 0;
		};
/* End PBXFrameworksBuildPhase section */

/* Begin PBXGroup section */
		1DBA9FFD27FF1E5C00E27F90 = {
			isa = PBXGroup;
			children = (
				1DBAA01E27FF205D00E27F90 /* Makefile */,
				1DDB3B762800E10D0098129D /* include */,
				1DDB3B732800E0C70098129D /* src */,
				1DDB3B742800E0E00098129D /* test */,
				1DDB3B752800E0E60098129D /* doc */,
				1DDB3B772800E14A0098129D /* bin */,
				1DBAA00727FF1E5C00E27F90 /* Products */,
			);
			sourceTree = "<group>";
		};
		1DBAA00727FF1E5C00E27F90 /* Products */ = {
			isa = PBXGroup;
			children = (
				1DBAA00627FF1E5C00E27F90 /* libANSI */,
			);
			name = Products;
			sourceTree = "<group>";
		};
		1DBAA01127FF1F0B00E27F90 /* Modules */ = {
			isa = PBXGroup;
			children = (
				1DBAA01627FF1F4200E27F90 /* Terminal.hpp */,
				1DBAA01527FF1F4200E27F90 /* Terminal.cpp */,
				1DBAA01927FF1F5200E27F90 /* Cursor.hpp */,
				1DBAA01827FF1F5200E27F90 /* Cursor.cpp */,
				1DBAA01C27FF1F5A00E27F90 /* Text.hpp */,
				1DBAA01B27FF1F5A00E27F90 /* Text.cpp */,
			);
			path = Modules;
			sourceTree = "<group>";
		};
		1DBAA01227FF1F1D00E27F90 /* Enums */ = {
			isa = PBXGroup;
			children = (
				1DBAA01327FF1F2A00E27F90 /* Color.hpp */,
			);
			path = Enums;
			sourceTree = "<group>";
		};
		1DDB3B732800E0C70098129D /* src */ = {
			isa = PBXGroup;
			children = (
				1DBAA01227FF1F1D00E27F90 /* Enums */,
				1DBAA01127FF1F0B00E27F90 /* Modules */,
			);
			path = src;
			sourceTree = "<group>";
		};
		1DDB3B742800E0E00098129D /* test */ = {
			isa = PBXGroup;
			children = (
				1DBAA00927FF1E5C00E27F90 /* main.cpp */,
				1DDB3B802800E61A0098129D /* TerminalTests.hpp */,
				1DDB3B792800E40E0098129D /* TerminalTests.cpp */,
				1DDB3B812800E66B0098129D /* CursorTests.hpp */,
				1DDB3B7C2800E4350098129D /* CursorTests.cpp */,
				1DDB3B822800E6770098129D /* TextTests.hpp */,
				1DDB3B7E2800E4410098129D /* TextTests.cpp */,
			);
			path = test;
			sourceTree = "<group>";
		};
		1DDB3B752800E0E60098129D /* doc */ = {
			isa = PBXGroup;
			children = (
			);
			path = doc;
			sourceTree = "<group>";
		};
		1DDB3B762800E10D0098129D /* include */ = {
			isa = PBXGroup;
			children = (
				1DBAA01027FF1ED000E27F90 /* libANSI.hpp */,
			);
			path = include;
			sourceTree = "<group>";
		};
		1DDB3B772800E14A0098129D /* bin */ = {
			isa = PBXGroup;
			children = (
				1DDB3B782800E16F0098129D /* objects */,
			);
			path = bin;
			sourceTree = "<group>";
		};
		1DDB3B782800E16F0098129D /* objects */ = {
			isa = PBXGroup;
			children = (
			);
			path = objects;
			sourceTree = "<group>";
		};
/* End PBXGroup section */

/* Begin PBXNativeTarget section */
		1DBAA00527FF1E5C00E27F90 /* libANSI */ = {
			isa = PBXNativeTarget;
			buildConfigurationList = 1DBAA00D27FF1E5C00E27F90 /* Build configuration list for PBXNativeTarget "libANSI" */;
			buildPhases = (
				1DBAA00227FF1E5C00E27F90 /* Sources */,
				1DBAA00327FF1E5C00E27F90 /* Frameworks */,
				1DBAA00427FF1E5C00E27F90 /* CopyFiles */,
			);
			buildRules = (
			);
			dependencies = (
			);
			name = libANSI;
			productName = libANSI;
			productReference = 1DBAA00627FF1E5C00E27F90 /* libANSI */;
			productType = "com.apple.product-type.tool";
		};
/* End PBXNativeTarget section */

/* Begin PBXProject section */
		1DBA9FFE27FF1E5C00E27F90 /* Project object */ = {
			isa = PBXProject;
			attributes = {
				BuildIndependentTargetsInParallel = 1;
				LastUpgradeCheck = 1330;
				TargetAttributes = {
					1DBAA00527FF1E5C00E27F90 = {
						CreatedOnToolsVersion = 13.3;
					};
				};
			};
			buildConfigurationList = 1DBAA00127FF1E5C00E27F90 /* Build configuration list for PBXProject "libANSI" */;
			compatibilityVersion = "Xcode 13.0";
			developmentRegion = en;
			hasScannedForEncodings = 0;
			knownRegions = (
				en,
				Base,
			);
			mainGroup = 1DBA9FFD27FF1E5C00E27F90;
			productRefGroup = 1DBAA00727FF1E5C00E27F90 /* Products */;
			projectDirPath = "";
			projectRoot = "";
			targets = (
				1DBAA00527FF1E5C00E27F90 /* libANSI */,
			);
		};
/* End PBXProject section */

/* Begin PBXSourcesBuildPhase section */
		1DBAA00227FF1E5C00E27F90 /* Sources */ = {
			isa = PBXSourcesBuildPhase;
			buildActionMask = 2147483647;
			files = (
				1DBAA01F27FF205D00E27F90 /* Makefile in Sources */,
				1DBAA00A27FF1E5C00E27F90 /* main.cpp in Sources */,
				1DBAA01A27FF1F5200E27F90 /* Cursor.cpp in Sources */,
				1DDB3B7B2800E40E0098129D /* TerminalTests.cpp in Sources */,
				1DBAA01D27FF1F5A00E27F90 /* Text.cpp in Sources */,
				1DDB3B7D2800E4350098129D /* CursorTests.cpp in Sources */,
				1DDB3B7F2800E4410098129D /* TextTests.cpp in Sources */,
				1DBAA01727FF1F4200E27F90 /* Terminal.cpp in Sources */,
			);
			runOnlyForDeploymentPostprocessing = 0;
		};
/* End PBXSourcesBuildPhase section */

/* Begin XCBuildConfiguration section */
		1DBAA00B27FF1E5C00E27F90 /* Debug */ = {
			isa = XCBuildConfiguration;
			buildSettings = {
				ALWAYS_SEARCH_USER_PATHS = NO;
				CLANG_ANALYZER_NONNULL = YES;
				CLANG_ANALYZER_NUMBER_OBJECT_CONVERSION = YES_AGGRESSIVE;
				CLANG_CXX_LANGUAGE_STANDARD = "gnu++17";
				CLANG_ENABLE_MODULES = YES;
				CLANG_ENABLE_OBJC_ARC = YES;
				CLANG_ENABLE_OBJC_WEAK = YES;
				CLANG_WARN_BLOCK_CAPTURE_AUTORELEASING = YES;
				CLANG_WARN_BOOL_CONVERSION = YES;
				CLANG_WARN_COMMA = YES;
				CLANG_WARN_CONSTANT_CONVERSION = YES;
				CLANG_WARN_DEPRECATED_OBJC_IMPLEMENTATIONS = YES;
				CLANG_WARN_DIRECT_OBJC_ISA_USAGE = YES_ERROR;
				CLANG_WARN_DOCUMENTATION_COMMENTS = YES;
				CLANG_WARN_EMPTY_BODY = YES;
				CLANG_WARN_ENUM_CONVERSION = YES;
				CLANG_WARN_INFINITE_RECURSION = YES;
				CLANG_WARN_INT_CONVERSION = YES;
				CLANG_WARN_NON_LITERAL_NULL_CONVERSION = YES;
				CLANG_WARN_OBJC_IMPLICIT_RETAIN_SELF = YES;
				CLANG_WARN_OBJC_LITERAL_CONVERSION = YES;
				CLANG_WARN_OBJC_ROOT_CLASS = YES_ERROR;
				CLANG_WARN_QUOTED_INCLUDE_IN_FRAMEWORK_HEADER = YES;
				CLANG_WARN_RANGE_LOOP_ANALYSIS = YES;
				CLANG_WARN_STRICT_PROTOTYPES = YES;
				CLANG_WARN_SUSPICIOUS_MOVE = YES;
				CLANG_WARN_UNGUARDED_AVAILABILITY = YES_AGGRESSIVE;
				CLANG_WARN_UNREACHABLE_CODE = YES;
				CLANG_WARN__DUPLICATE_METHOD_MATCH = YES;
				COPY_PHASE_STRIP = NO;
				DEBUG_INFORMATION_FORMAT = dwarf;
				ENABLE_STRICT_OBJC_MSGSEND = YES;
				ENABLE_TESTABILITY = YES;
				GCC_C_LANGUAGE_STANDARD = gnu11;
				GCC_DYNAMIC_NO_PIC = NO;
				GCC_NO_COMMON_BLOCKS = YES;
				GCC_OPTIMIZATION_LEVEL = 0;
				GCC_PREPROCESSOR_DEFINITIONS = (
					"DEBUG=1",
					"$(inherited)",
				);
				GCC_WARN_64_TO_32_BIT_CONVERSION = YES;
				GCC_WARN_ABOUT_RETURN_TYPE = YES_ERROR;
				GCC_WARN_UNDECLARED_SELECTOR = YES;
				GCC_WARN_UNINITIALIZED_AUTOS = YES_AGGRESSIVE;
				GCC_WARN_UNUSED_FUNCTION = YES;
				GCC_WARN_UNUSED_VARIABLE = YES;
				MACOSX_DEPLOYMENT_TARGET = 12.1;
				MTL_ENABLE_DEBUG_INFO = INCLUDE_SOURCE;
				MTL_FAST_MATH = YES;
				ONLY_ACTIVE_ARCH = YES;
				SDKROOT = macosx;
			};
			name = Debug;
		};
		1DBAA00C27FF1E5C00E27F90 /* Release */ = {
			isa = XCBuildConfiguration;
			buildSettings = {
				ALWAYS_SEARCH_USER_PATHS = NO;
				CLANG_ANALYZER_NONNULL = YES;
				CLANG_ANALYZER_NUMBER_OBJECT_CONVERSION = YES_AGGRESSIVE;
				CLANG_CXX_LANGUAGE_STANDARD = "gnu++17";
				CLANG_ENABLE_MODULES = YES;
				CLANG_ENABLE_OBJC_ARC = YES;
				CLANG_ENABLE_OBJC_WEAK = YES;
				CLANG_WARN_BLOCK_CAPTURE_AUTORELEASING = YES;
				CLANG_WARN_BOOL_CONVERSION = YES;
				CLANG_WARN_COMMA = YES;
				CLANG_WARN_CONSTANT_CONVERSION = YES;
				CLANG_WARN_DEPRECATED_OBJC_IMPLEMENTATIONS = YES;
				CLANG_WARN_DIRECT_OBJC_ISA_USAGE = YES_ERROR;
				CLANG_WARN_DOCUMENTATION_COMMENTS = YES;
				CLANG_WARN_EMPTY_BODY = YES;
				CLANG_WARN_ENUM_CONVERSION = YES;
				CLANG_WARN_INFINITE_RECURSION = YES;
				CLANG_WARN_INT_CONVERSION = YES;
				CLANG_WARN_NON_LITERAL_NULL_CONVERSION = YES;
				CLANG_WARN_OBJC_IMPLICIT_RETAIN_SELF = YES;
				CLANG_WARN_OBJC_LITERAL_CONVERSION = YES;
				CLANG_WARN_OBJC_ROOT_CLASS = YES_ERROR;
				CLANG_WARN_QUOTED_INCLUDE_IN_FRAMEWORK_HEADER = YES;
				CLANG_WARN_RANGE_LOOP_ANALYSIS = YES;
				CLANG_WARN_STRICT_PROTOTYPES = YES;
				CLANG_WARN_SUSPICIOUS_MOVE = YES;
				CLANG_WARN_UNGUARDED_AVAILABILITY = YES_AGGRESSIVE;
				CLANG_WARN_UNREACHABLE_CODE = YES;
				CLANG_WARN__DUPLICATE_METHOD_MATCH = YES;
				COPY_PHASE_STRIP = NO;
				DEBUG_INFORMATION_FORMAT = "dwarf-with-dsym";
				ENABLE_NS_ASSERTIONS = NO;
				ENABLE_STRICT_OBJC_MSGSEND = YES;
				GCC_C_LANGUAGE_STANDARD = gnu11;
				GCC_NO_COMMON_BLOCKS = YES;
				GCC_WARN_64_TO_32_BIT_CONVERSION = YES;
				GCC_WARN_ABOUT_RETURN_TYPE = YES_ERROR;
				GCC_WARN_UNDECLARED_SELECTOR = YES;
				GCC_WARN_UNINITIALIZED_AUTOS = YES_AGGRESSIVE;
				GCC_WARN_UNUSED_FUNCTION = YES;
				GCC_WARN_UNUSED_VARIABLE = YES;
				MACOSX_DEPLOYMENT_TARGET = 12.1;
				MTL_ENABLE_DEBUG_INFO = NO;
				MTL_FAST_MATH = YES;
				SDKROOT = macosx;
			};
			name = Release;
		};
		1DBAA00E27FF1E5C00E27F90 /* Debug */ = {
			isa = XCBuildConfiguration;
			buildSettings = {
				CODE_SIGN_STYLE = Automatic;
				DEVELOPMENT_TEAM = DD8W27MCU7;
				ENABLE_HARDENED_RUNTIME = YES;
				PRODUCT_NAME = "$(TARGET_NAME)";
			};
			name = Debug;
		};
		1DBAA00F27FF1E5C00E27F90 /* Release */ = {
			isa = XCBuildConfiguration;
			buildSettings = {
				CODE_SIGN_STYLE = Automatic;
				DEVELOPMENT_TEAM = DD8W27MCU7;
				ENABLE_HARDENED_RUNTIME = YES;
				PRODUCT_NAME = "$(TARGET_NAME)";
			};
			name = Release;
		};
/* End XCBuildConfiguration section */

/* Begin XCConfigurationList section */
		1DBAA00127FF1E5C00E27F90 /* Build configuration list for PBXProject "libANSI" */ = {
			isa = XCConfigurationList;
			buildConfigurations = (
				1DBAA00B27FF1E5C00E27F90 /* Debug */,
				1DBAA00C27FF1E5C00E27F90 /* Release */,
			);
			defaultConfigurationIsVisible = 0;
			defaultConfigurationName = Release;
		};
		1DBAA00D27FF1E5C00E27F90 /* Build configuration list for PBXNativeTarget "libANSI" */ = {
			isa = XCConfigurationList;
			buildConfigurations = (
				1DBAA00E27FF1E5C00E27F90 /* Debug */,
				1DBAA00F27FF1E5C00E27F90 /* Release */,
			);
			defaultConfigurationIsVisible = 0;
			defaultConfigurationName = Release;
		};
/* End XCConfigurationList section */
	};
	rootObject = 1DBA9FFE27FF1E5C00E27F90 /* Project object */;
}
